
Microsoft Visual Studio Solution File, Format Version 12.00
# Visual Studio Version 16
VisualStudioVersion = 16.0.31702.278
MinimumVisualStudioVersion = 10.0.40219.1
Project("{8BC9CEB8-8B4A-11D0-8D11-00A0C91BC942}") = "Home arraylist", "Home arraylist\Home arraylist.vcxproj", "{CE2350F7-73BE-454F-BA14-B8122D0C2CBA}"
EndProject
Global
	GlobalSection(SolutionConfigurationPlatforms) = preSolution
		Debug|x64 = Debug|x64
		Debug|x86 = Debug|x86
		Release|x64 = Release|x64
		Release|x86 = Release|x86
	EndGlobalSection
	GlobalSection(ProjectConfigurationPlatforms) = postSolution
		{CE2350F7-73BE-454F-BA14-B8122D0C2CBA}.Debug|x64.ActiveCfg = Debug|x64
		{CE2350F7-73BE-454F-BA14-B8122D0C2CBA}.Debug|x64.Build.0 = Debug|x64
		{CE2350F7-73BE-454F-BA14-B8122D0C2CBA}.Debug|x86.ActiveCfg = Debug|Win32
		{CE2350F7-73BE-454F-BA14-B8122D0C2CBA}.Debug|x86.Build.0 = Debug|Win32
		{CE2350F7-73BE-454F-BA14-B8122D0C2CBA}.Release|x64.ActiveCfg = Release|x64
		{CE2350F7-73BE-454F-BA14-B8122D0C2CBA}.Release|x64.Build.0 = Release|x64
		{CE2350F7-73BE-454F-BA14-B8122D0C2CBA}.Release|x86.ActiveCfg = Release|Win32
		{CE2350F7-73BE-454F-BA14-B8122D0C2CBA}.Release|x86.Build.0 = Release|Win32
	EndGlobalSection
	GlobalSection(SolutionProperties) = preSolution
		HideSolutionNode = FALSE
	EndGlobalSection
	GlobalSection(ExtensibilityGlobals) = postSolution
		SolutionGuid = {403528DF-18DD-4789-9955-6F9DBEC5FAA6}
	EndGlobalSection
EndGlobal
