
Microsoft Visual Studio Solution File, Format Version 12.00
# Visual Studio Version 16
VisualStudioVersion = 16.0.31702.278
MinimumVisualStudioVersion = 10.0.40219.1
Project("{8BC9CEB8-8B4A-11D0-8D11-00A0C91BC942}") = "2", "2\2.vcxproj", "{359039FF-7F65-49B2-A993-8304939BFB64}"
EndProject
Project("{8BC9CEB8-8B4A-11D0-8D11-00A0C91BC942}") = "3", "3\3.vcxproj", "{C6A97CEF-3804-4F2B-9D9F-2282BB1CE630}"
EndProject
Project("{8BC9CEB8-8B4A-11D0-8D11-00A0C91BC942}") = "4", "4\4.vcxproj", "{C50D96D6-F8C6-4E38-AD08-F49500CA2E0D}"
EndProject
Project("{8BC9CEB8-8B4A-11D0-8D11-00A0C91BC942}") = "5", "5\5.vcxproj", "{4C5747DA-8E8B-4DFF-8F0E-1E5975780BE8}"
EndProject
Project("{8BC9CEB8-8B4A-11D0-8D11-00A0C91BC942}") = "6", "6\6.vcxproj", "{7A32C4E8-F34C-4EC2-81AB-65D0F96AFE87}"
EndProject
Project("{8BC9CEB8-8B4A-11D0-8D11-00A0C91BC942}") = "7", "7\7.vcxproj", "{27CAE436-B796-4F0A-88D4-69833D079EA6}"
EndProject
Project("{8BC9CEB8-8B4A-11D0-8D11-00A0C91BC942}") = "8", "8\8.vcxproj", "{1E3DCFCC-C180-444A-8E34-6A45BB48CB57}"
EndProject
Project("{8BC9CEB8-8B4A-11D0-8D11-00A0C91BC942}") = "9", "9\9.vcxproj", "{B85C5385-58E9-4927-BFEE-E328A318A0D4}"
EndProject
Project("{8BC9CEB8-8B4A-11D0-8D11-00A0C91BC942}") = "10", "10\10.vcxproj", "{F35421FE-9CC2-478B-9D8F-31161C0F7B4E}"
EndProject
Project("{8BC9CEB8-8B4A-11D0-8D11-00A0C91BC942}") = "1", "1\1.vcxproj", "{D60D2C96-333A-4DEC-B101-CD100A590B21}"
EndProject
Global
	GlobalSection(SolutionConfigurationPlatforms) = preSolution
		Debug|x64 = Debug|x64
		Debug|x86 = Debug|x86
		Release|x64 = Release|x64
		Release|x86 = Release|x86
	EndGlobalSection
	GlobalSection(ProjectConfigurationPlatforms) = postSolution
		{359039FF-7F65-49B2-A993-8304939BFB64}.Debug|x64.ActiveCfg = Debug|x64
		{359039FF-7F65-49B2-A993-8304939BFB64}.Debug|x64.Build.0 = Debug|x64
		{359039FF-7F65-49B2-A993-8304939BFB64}.Debug|x86.ActiveCfg = Debug|Win32
		{359039FF-7F65-49B2-A993-8304939BFB64}.Debug|x86.Build.0 = Debug|Win32
		{359039FF-7F65-49B2-A993-8304939BFB64}.Release|x64.ActiveCfg = Release|x64
		{359039FF-7F65-49B2-A993-8304939BFB64}.Release|x64.Build.0 = Release|x64
		{359039FF-7F65-49B2-A993-8304939BFB64}.Release|x86.ActiveCfg = Release|Win32
		{359039FF-7F65-49B2-A993-8304939BFB64}.Release|x86.Build.0 = Release|Win32
		{C6A97CEF-3804-4F2B-9D9F-2282BB1CE630}.Debug|x64.ActiveCfg = Debug|x64
		{C6A97CEF-3804-4F2B-9D9F-2282BB1CE630}.Debug|x64.Build.0 = Debug|x64
		{C6A97CEF-3804-4F2B-9D9F-2282BB1CE630}.Debug|x86.ActiveCfg = Debug|Win32
		{C6A97CEF-3804-4F2B-9D9F-2282BB1CE630}.Debug|x86.Build.0 = Debug|Win32
		{C6A97CEF-3804-4F2B-9D9F-2282BB1CE630}.Release|x64.ActiveCfg = Release|x64
		{C6A97CEF-3804-4F2B-9D9F-2282BB1CE630}.Release|x64.Build.0 = Release|x64
		{C6A97CEF-3804-4F2B-9D9F-2282BB1CE630}.Release|x86.ActiveCfg = Release|Win32
		{C6A97CEF-3804-4F2B-9D9F-2282BB1CE630}.Release|x86.Build.0 = Release|Win32
		{C50D96D6-F8C6-4E38-AD08-F49500CA2E0D}.Debug|x64.ActiveCfg = Debug|x64
		{C50D96D6-F8C6-4E38-AD08-F49500CA2E0D}.Debug|x64.Build.0 = Debug|x64
		{C50D96D6-F8C6-4E38-AD08-F49500CA2E0D}.Debug|x86.ActiveCfg = Debug|Win32
		{C50D96D6-F8C6-4E38-AD08-F49500CA2E0D}.Debug|x86.Build.0 = Debug|Win32
		{C50D96D6-F8C6-4E38-AD08-F49500CA2E0D}.Release|x64.ActiveCfg = Release|x64
		{C50D96D6-F8C6-4E38-AD08-F49500CA2E0D}.Release|x64.Build.0 = Release|x64
		{C50D96D6-F8C6-4E38-AD08-F49500CA2E0D}.Release|x86.ActiveCfg = Release|Win32
		{C50D96D6-F8C6-4E38-AD08-F49500CA2E0D}.Release|x86.Build.0 = Release|Win32
		{4C5747DA-8E8B-4DFF-8F0E-1E5975780BE8}.Debug|x64.ActiveCfg = Debug|x64
		{4C5747DA-8E8B-4DFF-8F0E-1E5975780BE8}.Debug|x64.Build.0 = Debug|x64
		{4C5747DA-8E8B-4DFF-8F0E-1E5975780BE8}.Debug|x86.ActiveCfg = Debug|Win32
		{4C5747DA-8E8B-4DFF-8F0E-1E5975780BE8}.Debug|x86.Build.0 = Debug|Win32
		{4C5747DA-8E8B-4DFF-8F0E-1E5975780BE8}.Release|x64.ActiveCfg = Release|x64
		{4C5747DA-8E8B-4DFF-8F0E-1E5975780BE8}.Release|x64.Build.0 = Release|x64
		{4C5747DA-8E8B-4DFF-8F0E-1E5975780BE8}.Release|x86.ActiveCfg = Release|Win32
		{4C5747DA-8E8B-4DFF-8F0E-1E5975780BE8}.Release|x86.Build.0 = Release|Win32
		{7A32C4E8-F34C-4EC2-81AB-65D0F96AFE87}.Debug|x64.ActiveCfg = Debug|x64
		{7A32C4E8-F34C-4EC2-81AB-65D0F96AFE87}.Debug|x64.Build.0 = Debug|x64
		{7A32C4E8-F34C-4EC2-81AB-65D0F96AFE87}.Debug|x86.ActiveCfg = Debug|Win32
		{7A32C4E8-F34C-4EC2-81AB-65D0F96AFE87}.Debug|x86.Build.0 = Debug|Win32
		{7A32C4E8-F34C-4EC2-81AB-65D0F96AFE87}.Release|x64.ActiveCfg = Release|x64
		{7A32C4E8-F34C-4EC2-81AB-65D0F96AFE87}.Release|x64.Build.0 = Release|x64
		{7A32C4E8-F34C-4EC2-81AB-65D0F96AFE87}.Release|x86.ActiveCfg = Release|Win32
		{7A32C4E8-F34C-4EC2-81AB-65D0F96AFE87}.Release|x86.Build.0 = Release|Win32
		{27CAE436-B796-4F0A-88D4-69833D079EA6}.Debug|x64.ActiveCfg = Debug|x64
		{27CAE436-B796-4F0A-88D4-69833D079EA6}.Debug|x64.Build.0 = Debug|x64
		{27CAE436-B796-4F0A-88D4-69833D079EA6}.Debug|x86.ActiveCfg = Debug|Win32
		{27CAE436-B796-4F0A-88D4-69833D079EA6}.Debug|x86.Build.0 = Debug|Win32
		{27CAE436-B796-4F0A-88D4-69833D079EA6}.Release|x64.ActiveCfg = Release|x64
		{27CAE436-B796-4F0A-88D4-69833D079EA6}.Release|x64.Build.0 = Release|x64
		{27CAE436-B796-4F0A-88D4-69833D079EA6}.Release|x86.ActiveCfg = Release|Win32
		{27CAE436-B796-4F0A-88D4-69833D079EA6}.Release|x86.Build.0 = Release|Win32
		{1E3DCFCC-C180-444A-8E34-6A45BB48CB57}.Debug|x64.ActiveCfg = Debug|x64
		{1E3DCFCC-C180-444A-8E34-6A45BB48CB57}.Debug|x64.Build.0 = Debug|x64
		{1E3DCFCC-C180-444A-8E34-6A45BB48CB57}.Debug|x86.ActiveCfg = Debug|Win32
		{1E3DCFCC-C180-444A-8E34-6A45BB48CB57}.Debug|x86.Build.0 = Debug|Win32
		{1E3DCFCC-C180-444A-8E34-6A45BB48CB57}.Release|x64.ActiveCfg = Release|x64
		{1E3DCFCC-C180-444A-8E34-6A45BB48CB57}.Release|x64.Build.0 = Release|x64
		{1E3DCFCC-C180-444A-8E34-6A45BB48CB57}.Release|x86.ActiveCfg = Release|Win32
		{1E3DCFCC-C180-444A-8E34-6A45BB48CB57}.Release|x86.Build.0 = Release|Win32
		{B85C5385-58E9-4927-BFEE-E328A318A0D4}.Debug|x64.ActiveCfg = Debug|x64
		{B85C5385-58E9-4927-BFEE-E328A318A0D4}.Debug|x64.Build.0 = Debug|x64
		{B85C5385-58E9-4927-BFEE-E328A318A0D4}.Debug|x86.ActiveCfg = Debug|Win32
		{B85C5385-58E9-4927-BFEE-E328A318A0D4}.Debug|x86.Build.0 = Debug|Win32
		{B85C5385-58E9-4927-BFEE-E328A318A0D4}.Release|x64.ActiveCfg = Release|x64
		{B85C5385-58E9-4927-BFEE-E328A318A0D4}.Release|x64.Build.0 = Release|x64
		{B85C5385-58E9-4927-BFEE-E328A318A0D4}.Release|x86.ActiveCfg = Release|Win32
		{B85C5385-58E9-4927-BFEE-E328A318A0D4}.Release|x86.Build.0 = Release|Win32
		{F35421FE-9CC2-478B-9D8F-31161C0F7B4E}.Debug|x64.ActiveCfg = Debug|x64
		{F35421FE-9CC2-478B-9D8F-31161C0F7B4E}.Debug|x64.Build.0 = Debug|x64
		{F35421FE-9CC2-478B-9D8F-31161C0F7B4E}.Debug|x86.ActiveCfg = Debug|Win32
		{F35421FE-9CC2-478B-9D8F-31161C0F7B4E}.Debug|x86.Build.0 = Debug|Win32
		{F35421FE-9CC2-478B-9D8F-31161C0F7B4E}.Release|x64.ActiveCfg = Release|x64
		{F35421FE-9CC2-478B-9D8F-31161C0F7B4E}.Release|x64.Build.0 = Release|x64
		{F35421FE-9CC2-478B-9D8F-31161C0F7B4E}.Release|x86.ActiveCfg = Release|Win32
		{F35421FE-9CC2-478B-9D8F-31161C0F7B4E}.Release|x86.Build.0 = Release|Win32
		{D60D2C96-333A-4DEC-B101-CD100A590B21}.Debug|x64.ActiveCfg = Debug|x64
		{D60D2C96-333A-4DEC-B101-CD100A590B21}.Debug|x64.Build.0 = Debug|x64
		{D60D2C96-333A-4DEC-B101-CD100A590B21}.Debug|x86.ActiveCfg = Debug|Win32
		{D60D2C96-333A-4DEC-B101-CD100A590B21}.Debug|x86.Build.0 = Debug|Win32
		{D60D2C96-333A-4DEC-B101-CD100A590B21}.Release|x64.ActiveCfg = Release|x64
		{D60D2C96-333A-4DEC-B101-CD100A590B21}.Release|x64.Build.0 = Release|x64
		{D60D2C96-333A-4DEC-B101-CD100A590B21}.Release|x86.ActiveCfg = Release|Win32
		{D60D2C96-333A-4DEC-B101-CD100A590B21}.Release|x86.Build.0 = Release|Win32
	EndGlobalSection
	GlobalSection(SolutionProperties) = preSolution
		HideSolutionNode = FALSE
	EndGlobalSection
	GlobalSection(ExtensibilityGlobals) = postSolution
		SolutionGuid = {B614AF6B-8256-46B3-B064-43A2ED61D47E}
	EndGlobalSection
EndGlobal
