
Microsoft Visual Studio Solution File, Format Version 12.00
# Visual Studio Version 16
VisualStudioVersion = 16.0.31702.278
MinimumVisualStudioVersion = 10.0.40219.1
Project("{8BC9CEB8-8B4A-11D0-8D11-00A0C91BC942}") = "1", "Project2\Project2.vcxproj", "{DFFCAFEF-44C2-45E6-9A43-79402CBE1504}"
EndProject
Project("{8BC9CEB8-8B4A-11D0-8D11-00A0C91BC942}") = "2", "2\2.vcxproj", "{0E25CED6-C249-498C-A6B0-9DCBB4E6E324}"
EndProject
Project("{8BC9CEB8-8B4A-11D0-8D11-00A0C91BC942}") = "3", "3\3.vcxproj", "{68BBB145-2811-4C85-8FD1-743DC499487F}"
EndProject
Project("{8BC9CEB8-8B4A-11D0-8D11-00A0C91BC942}") = "4", "4\4.vcxproj", "{FBBD8B26-BB81-43E8-9C19-E47D447EEB7C}"
EndProject
Project("{8BC9CEB8-8B4A-11D0-8D11-00A0C91BC942}") = "5", "5\5.vcxproj", "{A4168143-4D44-4B83-9587-32EA9AC3125B}"
EndProject
Project("{8BC9CEB8-8B4A-11D0-8D11-00A0C91BC942}") = "6", "6\6.vcxproj", "{6044495A-BB05-40E9-A878-01B4BF4AF159}"
EndProject
Project("{8BC9CEB8-8B4A-11D0-8D11-00A0C91BC942}") = "7", "7\7.vcxproj", "{EDDF6752-2057-42FD-BB4A-9F2EC0B6A38A}"
EndProject
Project("{8BC9CEB8-8B4A-11D0-8D11-00A0C91BC942}") = "8", "8\8.vcxproj", "{FDF13BBA-A243-4C38-8D3A-6B83DAA52D1F}"
EndProject
Project("{8BC9CEB8-8B4A-11D0-8D11-00A0C91BC942}") = "9", "9\9.vcxproj", "{09592FAF-F1D2-40AC-AD36-2C46A6BCF439}"
EndProject
Global
	GlobalSection(SolutionConfigurationPlatforms) = preSolution
		Debug|x64 = Debug|x64
		Debug|x86 = Debug|x86
		Release|x64 = Release|x64
		Release|x86 = Release|x86
	EndGlobalSection
	GlobalSection(ProjectConfigurationPlatforms) = postSolution
		{DFFCAFEF-44C2-45E6-9A43-79402CBE1504}.Debug|x64.ActiveCfg = Debug|x64
		{DFFCAFEF-44C2-45E6-9A43-79402CBE1504}.Debug|x64.Build.0 = Debug|x64
		{DFFCAFEF-44C2-45E6-9A43-79402CBE1504}.Debug|x86.ActiveCfg = Debug|Win32
		{DFFCAFEF-44C2-45E6-9A43-79402CBE1504}.Debug|x86.Build.0 = Debug|Win32
		{DFFCAFEF-44C2-45E6-9A43-79402CBE1504}.Release|x64.ActiveCfg = Release|x64
		{DFFCAFEF-44C2-45E6-9A43-79402CBE1504}.Release|x64.Build.0 = Release|x64
		{DFFCAFEF-44C2-45E6-9A43-79402CBE1504}.Release|x86.ActiveCfg = Release|Win32
		{DFFCAFEF-44C2-45E6-9A43-79402CBE1504}.Release|x86.Build.0 = Release|Win32
		{0E25CED6-C249-498C-A6B0-9DCBB4E6E324}.Debug|x64.ActiveCfg = Debug|x64
		{0E25CED6-C249-498C-A6B0-9DCBB4E6E324}.Debug|x64.Build.0 = Debug|x64
		{0E25CED6-C249-498C-A6B0-9DCBB4E6E324}.Debug|x86.ActiveCfg = Debug|Win32
		{0E25CED6-C249-498C-A6B0-9DCBB4E6E324}.Debug|x86.Build.0 = Debug|Win32
		{0E25CED6-C249-498C-A6B0-9DCBB4E6E324}.Release|x64.ActiveCfg = Release|x64
		{0E25CED6-C249-498C-A6B0-9DCBB4E6E324}.Release|x64.Build.0 = Release|x64
		{0E25CED6-C249-498C-A6B0-9DCBB4E6E324}.Release|x86.ActiveCfg = Release|Win32
		{0E25CED6-C249-498C-A6B0-9DCBB4E6E324}.Release|x86.Build.0 = Release|Win32
		{68BBB145-2811-4C85-8FD1-743DC499487F}.Debug|x64.ActiveCfg = Debug|x64
		{68BBB145-2811-4C85-8FD1-743DC499487F}.Debug|x64.Build.0 = Debug|x64
		{68BBB145-2811-4C85-8FD1-743DC499487F}.Debug|x86.ActiveCfg = Debug|Win32
		{68BBB145-2811-4C85-8FD1-743DC499487F}.Debug|x86.Build.0 = Debug|Win32
		{68BBB145-2811-4C85-8FD1-743DC499487F}.Release|x64.ActiveCfg = Release|x64
		{68BBB145-2811-4C85-8FD1-743DC499487F}.Release|x64.Build.0 = Release|x64
		{68BBB145-2811-4C85-8FD1-743DC499487F}.Release|x86.ActiveCfg = Release|Win32
		{68BBB145-2811-4C85-8FD1-743DC499487F}.Release|x86.Build.0 = Release|Win32
		{FBBD8B26-BB81-43E8-9C19-E47D447EEB7C}.Debug|x64.ActiveCfg = Debug|x64
		{FBBD8B26-BB81-43E8-9C19-E47D447EEB7C}.Debug|x64.Build.0 = Debug|x64
		{FBBD8B26-BB81-43E8-9C19-E47D447EEB7C}.Debug|x86.ActiveCfg = Debug|Win32
		{FBBD8B26-BB81-43E8-9C19-E47D447EEB7C}.Debug|x86.Build.0 = Debug|Win32
		{FBBD8B26-BB81-43E8-9C19-E47D447EEB7C}.Release|x64.ActiveCfg = Release|x64
		{FBBD8B26-BB81-43E8-9C19-E47D447EEB7C}.Release|x64.Build.0 = Release|x64
		{FBBD8B26-BB81-43E8-9C19-E47D447EEB7C}.Release|x86.ActiveCfg = Release|Win32
		{FBBD8B26-BB81-43E8-9C19-E47D447EEB7C}.Release|x86.Build.0 = Release|Win32
		{A4168143-4D44-4B83-9587-32EA9AC3125B}.Debug|x64.ActiveCfg = Debug|x64
		{A4168143-4D44-4B83-9587-32EA9AC3125B}.Debug|x64.Build.0 = Debug|x64
		{A4168143-4D44-4B83-9587-32EA9AC3125B}.Debug|x86.ActiveCfg = Debug|Win32
		{A4168143-4D44-4B83-9587-32EA9AC3125B}.Debug|x86.Build.0 = Debug|Win32
		{A4168143-4D44-4B83-9587-32EA9AC3125B}.Release|x64.ActiveCfg = Release|x64
		{A4168143-4D44-4B83-9587-32EA9AC3125B}.Release|x64.Build.0 = Release|x64
		{A4168143-4D44-4B83-9587-32EA9AC3125B}.Release|x86.ActiveCfg = Release|Win32
		{A4168143-4D44-4B83-9587-32EA9AC3125B}.Release|x86.Build.0 = Release|Win32
		{6044495A-BB05-40E9-A878-01B4BF4AF159}.Debug|x64.ActiveCfg = Debug|x64
		{6044495A-BB05-40E9-A878-01B4BF4AF159}.Debug|x64.Build.0 = Debug|x64
		{6044495A-BB05-40E9-A878-01B4BF4AF159}.Debug|x86.ActiveCfg = Debug|Win32
		{6044495A-BB05-40E9-A878-01B4BF4AF159}.Debug|x86.Build.0 = Debug|Win32
		{6044495A-BB05-40E9-A878-01B4BF4AF159}.Release|x64.ActiveCfg = Release|x64
		{6044495A-BB05-40E9-A878-01B4BF4AF159}.Release|x64.Build.0 = Release|x64
		{6044495A-BB05-40E9-A878-01B4BF4AF159}.Release|x86.ActiveCfg = Release|Win32
		{6044495A-BB05-40E9-A878-01B4BF4AF159}.Release|x86.Build.0 = Release|Win32
		{EDDF6752-2057-42FD-BB4A-9F2EC0B6A38A}.Debug|x64.ActiveCfg = Debug|x64
		{EDDF6752-2057-42FD-BB4A-9F2EC0B6A38A}.Debug|x64.Build.0 = Debug|x64
		{EDDF6752-2057-42FD-BB4A-9F2EC0B6A38A}.Debug|x86.ActiveCfg = Debug|Win32
		{EDDF6752-2057-42FD-BB4A-9F2EC0B6A38A}.Debug|x86.Build.0 = Debug|Win32
		{EDDF6752-2057-42FD-BB4A-9F2EC0B6A38A}.Release|x64.ActiveCfg = Release|x64
		{EDDF6752-2057-42FD-BB4A-9F2EC0B6A38A}.Release|x64.Build.0 = Release|x64
		{EDDF6752-2057-42FD-BB4A-9F2EC0B6A38A}.Release|x86.ActiveCfg = Release|Win32
		{EDDF6752-2057-42FD-BB4A-9F2EC0B6A38A}.Release|x86.Build.0 = Release|Win32
		{FDF13BBA-A243-4C38-8D3A-6B83DAA52D1F}.Debug|x64.ActiveCfg = Debug|x64
		{FDF13BBA-A243-4C38-8D3A-6B83DAA52D1F}.Debug|x64.Build.0 = Debug|x64
		{FDF13BBA-A243-4C38-8D3A-6B83DAA52D1F}.Debug|x86.ActiveCfg = Debug|Win32
		{FDF13BBA-A243-4C38-8D3A-6B83DAA52D1F}.Debug|x86.Build.0 = Debug|Win32
		{FDF13BBA-A243-4C38-8D3A-6B83DAA52D1F}.Release|x64.ActiveCfg = Release|x64
		{FDF13BBA-A243-4C38-8D3A-6B83DAA52D1F}.Release|x64.Build.0 = Release|x64
		{FDF13BBA-A243-4C38-8D3A-6B83DAA52D1F}.Release|x86.ActiveCfg = Release|Win32
		{FDF13BBA-A243-4C38-8D3A-6B83DAA52D1F}.Release|x86.Build.0 = Release|Win32
		{09592FAF-F1D2-40AC-AD36-2C46A6BCF439}.Debug|x64.ActiveCfg = Debug|x64
		{09592FAF-F1D2-40AC-AD36-2C46A6BCF439}.Debug|x64.Build.0 = Debug|x64
		{09592FAF-F1D2-40AC-AD36-2C46A6BCF439}.Debug|x86.ActiveCfg = Debug|Win32
		{09592FAF-F1D2-40AC-AD36-2C46A6BCF439}.Debug|x86.Build.0 = Debug|Win32
		{09592FAF-F1D2-40AC-AD36-2C46A6BCF439}.Release|x64.ActiveCfg = Release|x64
		{09592FAF-F1D2-40AC-AD36-2C46A6BCF439}.Release|x64.Build.0 = Release|x64
		{09592FAF-F1D2-40AC-AD36-2C46A6BCF439}.Release|x86.ActiveCfg = Release|Win32
		{09592FAF-F1D2-40AC-AD36-2C46A6BCF439}.Release|x86.Build.0 = Release|Win32
	EndGlobalSection
	GlobalSection(SolutionProperties) = preSolution
		HideSolutionNode = FALSE
	EndGlobalSection
	GlobalSection(ExtensibilityGlobals) = postSolution
		SolutionGuid = {5997750F-B632-42D4-8BE6-621730D0BE66}
	EndGlobalSection
EndGlobal
