
Microsoft Visual Studio Solution File, Format Version 12.00
# Visual Studio Version 16
VisualStudioVersion = 16.0.31702.278
MinimumVisualStudioVersion = 10.0.40219.1
Project("{8BC9CEB8-8B4A-11D0-8D11-00A0C91BC942}") = "2", "2\2.vcxproj", "{DDD8D52C-97F5-4999-87E2-4144AC59B68F}"
EndProject
Project("{8BC9CEB8-8B4A-11D0-8D11-00A0C91BC942}") = "3", "3\3.vcxproj", "{FC2B6173-E9F0-40F2-84D1-2B7BDD8B3CC7}"
EndProject
Project("{8BC9CEB8-8B4A-11D0-8D11-00A0C91BC942}") = "1", "1\1.vcxproj", "{A404D461-90F5-4555-B096-BE98008B4BAA}"
EndProject
Global
	GlobalSection(SolutionConfigurationPlatforms) = preSolution
		Debug|x64 = Debug|x64
		Debug|x86 = Debug|x86
		Release|x64 = Release|x64
		Release|x86 = Release|x86
	EndGlobalSection
	GlobalSection(ProjectConfigurationPlatforms) = postSolution
		{DDD8D52C-97F5-4999-87E2-4144AC59B68F}.Debug|x64.ActiveCfg = Debug|x64
		{DDD8D52C-97F5-4999-87E2-4144AC59B68F}.Debug|x64.Build.0 = Debug|x64
		{DDD8D52C-97F5-4999-87E2-4144AC59B68F}.Debug|x86.ActiveCfg = Debug|Win32
		{DDD8D52C-97F5-4999-87E2-4144AC59B68F}.Debug|x86.Build.0 = Debug|Win32
		{DDD8D52C-97F5-4999-87E2-4144AC59B68F}.Release|x64.ActiveCfg = Release|x64
		{DDD8D52C-97F5-4999-87E2-4144AC59B68F}.Release|x64.Build.0 = Release|x64
		{DDD8D52C-97F5-4999-87E2-4144AC59B68F}.Release|x86.ActiveCfg = Release|Win32
		{DDD8D52C-97F5-4999-87E2-4144AC59B68F}.Release|x86.Build.0 = Release|Win32
		{FC2B6173-E9F0-40F2-84D1-2B7BDD8B3CC7}.Debug|x64.ActiveCfg = Debug|x64
		{FC2B6173-E9F0-40F2-84D1-2B7BDD8B3CC7}.Debug|x64.Build.0 = Debug|x64
		{FC2B6173-E9F0-40F2-84D1-2B7BDD8B3CC7}.Debug|x86.ActiveCfg = Debug|Win32
		{FC2B6173-E9F0-40F2-84D1-2B7BDD8B3CC7}.Debug|x86.Build.0 = Debug|Win32
		{FC2B6173-E9F0-40F2-84D1-2B7BDD8B3CC7}.Release|x64.ActiveCfg = Release|x64
		{FC2B6173-E9F0-40F2-84D1-2B7BDD8B3CC7}.Release|x64.Build.0 = Release|x64
		{FC2B6173-E9F0-40F2-84D1-2B7BDD8B3CC7}.Release|x86.ActiveCfg = Release|Win32
		{FC2B6173-E9F0-40F2-84D1-2B7BDD8B3CC7}.Release|x86.Build.0 = Release|Win32
		{A404D461-90F5-4555-B096-BE98008B4BAA}.Debug|x64.ActiveCfg = Debug|x64
		{A404D461-90F5-4555-B096-BE98008B4BAA}.Debug|x64.Build.0 = Debug|x64
		{A404D461-90F5-4555-B096-BE98008B4BAA}.Debug|x86.ActiveCfg = Debug|Win32
		{A404D461-90F5-4555-B096-BE98008B4BAA}.Debug|x86.Build.0 = Debug|Win32
		{A404D461-90F5-4555-B096-BE98008B4BAA}.Release|x64.ActiveCfg = Release|x64
		{A404D461-90F5-4555-B096-BE98008B4BAA}.Release|x64.Build.0 = Release|x64
		{A404D461-90F5-4555-B096-BE98008B4BAA}.Release|x86.ActiveCfg = Release|Win32
		{A404D461-90F5-4555-B096-BE98008B4BAA}.Release|x86.Build.0 = Release|Win32
	EndGlobalSection
	GlobalSection(SolutionProperties) = preSolution
		HideSolutionNode = FALSE
	EndGlobalSection
	GlobalSection(ExtensibilityGlobals) = postSolution
		SolutionGuid = {14D2A52D-BD69-44F8-9916-013F4D33319C}
	EndGlobalSection
EndGlobal
